
Microsoft Visual Studio Solution File, Format Version 12.00
Project("{FAE04EC0-301F-11D3-BF4B-00C04F79EFBC}") = "DbReset", "DbReset\DbReset.csproj", "{117D9056-E27F-4545-9A46-2FC58A919AB1}"
EndProject
Project("{FAE04EC0-301F-11D3-BF4B-00C04F79EFBC}") = "DbReset.Postgres.Test", "DbReset.Test\DbReset.Postgres.Test.csproj", "{B6E81F88-A731-444B-8F13-638535438F4A}"
EndProject
Project("{FAE04EC0-301F-11D3-BF4B-00C04F79EFBC}") = "DbReset.SqlServer.Test", "DbReset.Test\DbReset.SqlServer.Test.csproj", "{06CCE14F-D216-4225-BAF1-12C0CF75B681}"
EndProject
Global
	GlobalSection(SolutionConfigurationPlatforms) = preSolution
		Debug|Any CPU = Debug|Any CPU
		Release|Any CPU = Release|Any CPU
	EndGlobalSection
	GlobalSection(ProjectConfigurationPlatforms) = postSolution
		{117D9056-E27F-4545-9A46-2FC58A919AB1}.Debug|Any CPU.ActiveCfg = Debug|Any CPU
		{117D9056-E27F-4545-9A46-2FC58A919AB1}.Debug|Any CPU.Build.0 = Debug|Any CPU
		{117D9056-E27F-4545-9A46-2FC58A919AB1}.Release|Any CPU.ActiveCfg = Release|Any CPU
		{117D9056-E27F-4545-9A46-2FC58A919AB1}.Release|Any CPU.Build.0 = Release|Any CPU
		{B6E81F88-A731-444B-8F13-638535438F4A}.Debug|Any CPU.ActiveCfg = Debug|Any CPU
		{B6E81F88-A731-444B-8F13-638535438F4A}.Debug|Any CPU.Build.0 = Debug|Any CPU
		{B6E81F88-A731-444B-8F13-638535438F4A}.Release|Any CPU.ActiveCfg = Release|Any CPU
		{B6E81F88-A731-444B-8F13-638535438F4A}.Release|Any CPU.Build.0 = Release|Any CPU
		{06CCE14F-D216-4225-BAF1-12C0CF75B681}.Debug|Any CPU.ActiveCfg = Debug|Any CPU
		{06CCE14F-D216-4225-BAF1-12C0CF75B681}.Debug|Any CPU.Build.0 = Debug|Any CPU
		{06CCE14F-D216-4225-BAF1-12C0CF75B681}.Release|Any CPU.ActiveCfg = Release|Any CPU
		{06CCE14F-D216-4225-BAF1-12C0CF75B681}.Release|Any CPU.Build.0 = Release|Any CPU
	EndGlobalSection
EndGlobal
